PODS:
  - app_metrica_plugin (0.0.1):
    - Flutter
    - YandexMobileMetrica/Dynamic (= 4.0.0)
  - Flutter (1.0.0)
  - YandexMobileMetrica/Dynamic (4.0.0):
    - YandexMobileMetrica/Dynamic/Core (= 4.0.0)
    - YandexMobileMetrica/Dynamic/Crashes (= 4.0.0)
  - YandexMobileMetrica/Dynamic/Core (4.0.0)
  - YandexMobileMetrica/Dynamic/Crashes (4.0.0):
    - YandexMobileMetrica/Dynamic/Core

DEPENDENCIES:
  - app_metrica_plugin (from `.symlinks/plugins/app_metrica_plugin/ios`)
  - Flutter (from `Flutter`)

SPEC REPOS:
  trunk:
    - YandexMobileMetrica

EXTERNAL SOURCES:
  app_metrica_plugin:
    :path: ".symlinks/plugins/app_metrica_plugin/ios"
  Flutter:
    :path: Flutter

SPEC CHECKSUMS:
  app_metrica_plugin: 87a64f448eb88f60e3e32677d8ffb19bb87a9a8e
  Flutter: 434fef37c0980e73bb6479ef766c45957d4b510c
  YandexMobileMetrica: 85ba4c1a6839985d58bf45ec7f915e433525b094

PODFILE CHECKSUM: aafe91acc616949ddb318b77800a7f51bffa2a4c

COCOAPODS: 1.11.2
